
Microsoft Visual Studio Solution File, Format Version 12.00
# Visual Studio Version 17
VisualStudioVersion = 17.5.002.0
MinimumVisualStudioVersion = 10.0.40219.1
Project("{2150E333-8FDC-42A3-9474-1A3956D46DE8}") = "examples", "examples", "{316955EF-CB32-4026-9171-9706DB54374D}"
EndProject
Project("{9A19103F-16F7-4668-BE54-9A1E7A4F7556}") = "Titanium.Web.Proxy.Examples.Basic", "examples\Titanium.Web.Proxy.Examples.Basic\Titanium.Web.Proxy.Examples.Basic.csproj", "{E1EA2338-5147-429E-B782-0217666DF665}"
EndProject
Project("{9A19103F-16F7-4668-BE54-9A1E7A4F7556}") = "Titanium.Web.Proxy.Examples.WindowsService", "examples\Titanium.Web.Proxy.Examples.WindowsService\Titanium.Web.Proxy.Examples.WindowsService.csproj", "{34E52EEC-1CC1-4912-8D39-59E87B879218}"
EndProject
Project("{9A19103F-16F7-4668-BE54-9A1E7A4F7556}") = "Titanium.Web.Proxy.Examples.Wpf", "examples\Titanium.Web.Proxy.Examples.Wpf\Titanium.Web.Proxy.Examples.Wpf.csproj", "{D9BE84E0-74E5-4E54-9824-04083586A0F8}"
EndProject
Project("{2150E333-8FDC-42A3-9474-1A3956D46DE8}") = "src", "src", "{46821EED-5499-4F91-90B0-41186B92CDA4}"
EndProject
Project("{9A19103F-16F7-4668-BE54-9A1E7A4F7556}") = "Titanium.Web.Proxy", "src\Titanium.Web.Proxy\Titanium.Web.Proxy.csproj", "{8C37C4FF-B96E-4470-BFA8-B9E0C80B41FF}"
EndProject
Project("{2150E333-8FDC-42A3-9474-1A3956D46DE8}") = "tests", "tests", "{F71E12F7-48CF-4C35-A8AA-5AF73CA822BB}"
EndProject
Project("{9A19103F-16F7-4668-BE54-9A1E7A4F7556}") = "Titanium.Web.Proxy.IntegrationTests", "tests\Titanium.Web.Proxy.IntegrationTests\Titanium.Web.Proxy.IntegrationTests.csproj", "{87C114D7-C3D6-4F8C-A4A1-CF7485301201}"
EndProject
Project("{9A19103F-16F7-4668-BE54-9A1E7A4F7556}") = "Titanium.Web.Proxy.UnitTests", "tests\Titanium.Web.Proxy.UnitTests\Titanium.Web.Proxy.UnitTests.csproj", "{84478257-32A3-4B14-AD56-F95374AFDDCF}"
EndProject
Project("{2150E333-8FDC-42A3-9474-1A3956D46DE8}") = "Solution Items", "Solution Items", "{0B43DBA0-F59D-43DC-A1D7-2BB6AFF31E10}"
	ProjectSection(SolutionItems) = preProject
		.editorconfig = .editorconfig
		.github\workflows\dotnetcore.yml = .github\workflows\dotnetcore.yml
	EndProjectSection
EndProject
Global
	GlobalSection(SolutionConfigurationPlatforms) = preSolution
		Debug|Any CPU = Debug|Any CPU
		Release|Any CPU = Release|Any CPU
	EndGlobalSection
	GlobalSection(ProjectConfigurationPlatforms) = postSolution
		{E1EA2338-5147-429E-B782-0217666DF665}.Debug|Any CPU.ActiveCfg = Debug|Any CPU
		{E1EA2338-5147-429E-B782-0217666DF665}.Debug|Any CPU.Build.0 = Debug|Any CPU
		{E1EA2338-5147-429E-B782-0217666DF665}.Release|Any CPU.ActiveCfg = Release|Any CPU
		{E1EA2338-5147-429E-B782-0217666DF665}.Release|Any CPU.Build.0 = Release|Any CPU
		{34E52EEC-1CC1-4912-8D39-59E87B879218}.Debug|Any CPU.ActiveCfg = Debug|Any CPU
		{34E52EEC-1CC1-4912-8D39-59E87B879218}.Debug|Any CPU.Build.0 = Debug|Any CPU
		{34E52EEC-1CC1-4912-8D39-59E87B879218}.Release|Any CPU.ActiveCfg = Release|Any CPU
		{34E52EEC-1CC1-4912-8D39-59E87B879218}.Release|Any CPU.Build.0 = Release|Any CPU
		{D9BE84E0-74E5-4E54-9824-04083586A0F8}.Debug|Any CPU.ActiveCfg = Debug|Any CPU
		{D9BE84E0-74E5-4E54-9824-04083586A0F8}.Debug|Any CPU.Build.0 = Debug|Any CPU
		{D9BE84E0-74E5-4E54-9824-04083586A0F8}.Release|Any CPU.ActiveCfg = Release|Any CPU
		{D9BE84E0-74E5-4E54-9824-04083586A0F8}.Release|Any CPU.Build.0 = Release|Any CPU
		{8C37C4FF-B96E-4470-BFA8-B9E0C80B41FF}.Debug|Any CPU.ActiveCfg = Debug|Any CPU
		{8C37C4FF-B96E-4470-BFA8-B9E0C80B41FF}.Debug|Any CPU.Build.0 = Debug|Any CPU
		{8C37C4FF-B96E-4470-BFA8-B9E0C80B41FF}.Release|Any CPU.ActiveCfg = Release|Any CPU
		{8C37C4FF-B96E-4470-BFA8-B9E0C80B41FF}.Release|Any CPU.Build.0 = Release|Any CPU
		{87C114D7-C3D6-4F8C-A4A1-CF7485301201}.Debug|Any CPU.ActiveCfg = Debug|Any CPU
		{87C114D7-C3D6-4F8C-A4A1-CF7485301201}.Debug|Any CPU.Build.0 = Debug|Any CPU
		{87C114D7-C3D6-4F8C-A4A1-CF7485301201}.Release|Any CPU.ActiveCfg = Release|Any CPU
		{87C114D7-C3D6-4F8C-A4A1-CF7485301201}.Release|Any CPU.Build.0 = Release|Any CPU
		{84478257-32A3-4B14-AD56-F95374AFDDCF}.Debug|Any CPU.ActiveCfg = Debug|Any CPU
		{84478257-32A3-4B14-AD56-F95374AFDDCF}.Debug|Any CPU.Build.0 = Debug|Any CPU
		{84478257-32A3-4B14-AD56-F95374AFDDCF}.Release|Any CPU.ActiveCfg = Release|Any CPU
		{84478257-32A3-4B14-AD56-F95374AFDDCF}.Release|Any CPU.Build.0 = Release|Any CPU
	EndGlobalSection
	GlobalSection(SolutionProperties) = preSolution
		HideSolutionNode = FALSE
	EndGlobalSection
	GlobalSection(NestedProjects) = preSolution
		{E1EA2338-5147-429E-B782-0217666DF665} = {316955EF-CB32-4026-9171-9706DB54374D}
		{34E52EEC-1CC1-4912-8D39-59E87B879218} = {316955EF-CB32-4026-9171-9706DB54374D}
		{D9BE84E0-74E5-4E54-9824-04083586A0F8} = {316955EF-CB32-4026-9171-9706DB54374D}
		{8C37C4FF-B96E-4470-BFA8-B9E0C80B41FF} = {46821EED-5499-4F91-90B0-41186B92CDA4}
		{87C114D7-C3D6-4F8C-A4A1-CF7485301201} = {F71E12F7-48CF-4C35-A8AA-5AF73CA822BB}
		{84478257-32A3-4B14-AD56-F95374AFDDCF} = {F71E12F7-48CF-4C35-A8AA-5AF73CA822BB}
	EndGlobalSection
	GlobalSection(ExtensibilityGlobals) = postSolution
		SolutionGuid = {ECA518CB-9F91-4DBF-8966-41E090E3D9B2}
	EndGlobalSection
EndGlobal
